{
  "nodes": {
    "emacs-overlay": {
      "inputs": {
        "nixpkgs": [
          "schmir-emacs",
          "sync",
          "nixpkgs"
        ],
        "nixpkgs-stable": [
          "schmir-emacs",
          "sync",
          "nixpkgs-stable"
        ]
      },
      "locked": {
        "lastModified": 1761413029,
        "narHash": "sha256-tkhF8XNsJIaPVUo2uLCoSeXAJJwgKWlHGSt4h48K3tk=",
        "owner": "nix-community",
        "repo": "emacs-overlay",
        "rev": "742237456a278aa93fbc95f16ecbfd93563b9840",
        "type": "github"
      },
      "original": {
        "owner": "nix-community",
        "repo": "emacs-overlay",
        "type": "github"
      }
    },
    "emacs-overlay_2": {
      "inputs": {
        "nixpkgs": [
          "sync",
          "nixpkgs"
        ],
        "nixpkgs-stable": [
          "sync",
          "nixpkgs-stable"
        ]
      },
      "locked": {
        "lastModified": 1761470737,
        "narHash": "sha256-ORF+/ByMYBjVid0hD6tAO9XNxFydnIgaz+bQS6Zcscc=",
        "owner": "nix-community",
        "repo": "emacs-overlay",
        "rev": "b6fdc07a59460ffd77b076ae910eafdf7106ae5f",
        "type": "github"
      },
      "original": {
        "owner": "nix-community",
        "repo": "emacs-overlay",
        "type": "github"
      }
    },
    "flake-compat": {
      "flake": false,
      "locked": {
        "lastModified": 1747046372,
        "narHash": "sha256-CIVLLkVgvHYbgI2UpXvIIBJ12HWgX+fjA8Xf8PUmqCY=",
        "owner": "edolstra",
        "repo": "flake-compat",
        "rev": "9100a0f413b0c601e0533d1d94ffd501ce2e7885",
        "type": "github"
      },
      "original": {
        "owner": "edolstra",
        "repo": "flake-compat",
        "type": "github"
      }
    },
    "flake-utils": {
      "inputs": {
        "systems": "systems"
      },
      "locked": {
        "lastModified": 1731533236,
        "narHash": "sha256-l0KFg5HjrsfsO/JpG+r7fRrqm12kzFHyUHqHCVpMMbI=",
        "owner": "numtide",
        "repo": "flake-utils",
        "rev": "11707dc2f618dd54ca8739b309ec4fc024de578b",
        "type": "github"
      },
      "original": {
        "owner": "numtide",
        "repo": "flake-utils",
        "type": "github"
      }
    },
    "flake-utils_2": {
      "inputs": {
        "systems": "systems_2"
      },
      "locked": {
        "lastModified": 1731533236,
        "narHash": "sha256-l0KFg5HjrsfsO/JpG+r7fRrqm12kzFHyUHqHCVpMMbI=",
        "owner": "numtide",
        "repo": "flake-utils",
        "rev": "11707dc2f618dd54ca8739b309ec4fc024de578b",
        "type": "github"
      },
      "original": {
        "owner": "numtide",
        "repo": "flake-utils",
        "type": "github"
      }
    },
    "flake-utils_3": {
      "inputs": {
        "systems": "systems_3"
      },
      "locked": {
        "lastModified": 1731533236,
        "narHash": "sha256-l0KFg5HjrsfsO/JpG+r7fRrqm12kzFHyUHqHCVpMMbI=",
        "owner": "numtide",
        "repo": "flake-utils",
        "rev": "11707dc2f618dd54ca8739b309ec4fc024de578b",
        "type": "github"
      },
      "original": {
        "owner": "numtide",
        "repo": "flake-utils",
        "type": "github"
      }
    },
    "home-manager": {
      "inputs": {
        "nixpkgs": [
          "schmir-emacs",
          "sync",
          "nixpkgs"
        ]
      },
      "locked": {
        "lastModified": 1761395627,
        "narHash": "sha256-9wQpgBRW2PzYw1wx+MgCt1IbPAYz93csApLMgSZOJCk=",
        "owner": "nix-community",
        "repo": "home-manager",
        "rev": "7296022150cd775917e4c831c393026eae7c2427",
        "type": "github"
      },
      "original": {
        "owner": "nix-community",
        "repo": "home-manager",
        "type": "github"
      }
    },
    "home-manager_2": {
      "inputs": {
        "nixpkgs": [
          "sync",
          "nixpkgs"
        ]
      },
      "locked": {
        "lastModified": 1761468550,
        "narHash": "sha256-nY4vyN1QdHhC5Gj3545fI2Y7FSr/gs8ID4gPmF8HPww=",
        "owner": "nix-community",
        "repo": "home-manager",
        "rev": "1830716059bfee7cbcfbfcc38d7be98e482a5762",
        "type": "github"
      },
      "original": {
        "owner": "nix-community",
        "repo": "home-manager",
        "type": "github"
      }
    },
    "my-fonts": {
      "inputs": {
        "flake-utils": "flake-utils",
        "nixpkgs": [
          "nixpkgs"
        ]
      },
      "locked": {
        "lastModified": 1736202475,
        "narHash": "sha256-FmJaRLmkSa+iMN5u0RLBQKVa1XeHW1rU8BGdPtgyUeM=",
        "ref": "main",
        "rev": "f52b915150a180537ba9ccbc034a521af6f80221",
        "revCount": 4,
        "type": "git",
        "url": "ssh://git@github.com/schmir/fonts.git"
      },
      "original": {
        "ref": "main",
        "type": "git",
        "url": "ssh://git@github.com/schmir/fonts.git"
      }
    },
    "nix-darwin": {
      "inputs": {
        "nixpkgs": [
          "sync",
          "nixpkgs"
        ]
      },
      "locked": {
        "lastModified": 1761339987,
        "narHash": "sha256-IUaawVwItZKi64IA6kF6wQCLCzpXbk2R46dHn8sHkig=",
        "owner": "LnL7",
        "repo": "nix-darwin",
        "rev": "7cd9aac79ee2924a85c211d21fafd394b06a38de",
        "type": "github"
      },
      "original": {
        "owner": "LnL7",
        "repo": "nix-darwin",
        "type": "github"
      }
    },
    "nix-flatpak": {
      "locked": {
        "lastModified": 1754777568,
        "narHash": "sha256-0bBqT+3XncgF8F03RFAamw9vdf0VmaDoIJLTGkjfQZs=",
        "owner": "gmodena",
        "repo": "nix-flatpak",
        "rev": "62f636b87ef6050760a8cb325cadb90674d1e23e",
        "type": "github"
      },
      "original": {
        "owner": "gmodena",
        "repo": "nix-flatpak",
        "type": "github"
      }
    },
    "nix-index": {
      "inputs": {
        "flake-compat": "flake-compat",
        "nixpkgs": [
          "nixpkgs"
        ]
      },
      "locked": {
        "lastModified": 1756113554,
        "narHash": "sha256-fFDr5BYisjkEFSgf+dGJTuhMUaH0aVE6Qy3Ql2EOJ2I=",
        "owner": "nix-community",
        "repo": "nix-index",
        "rev": "0fc38040a22a08052103d0fbbafd67ac54165f2b",
        "type": "github"
      },
      "original": {
        "owner": "nix-community",
        "repo": "nix-index",
        "type": "github"
      }
    },
    "nixpkgs": {
      "locked": {
        "lastModified": 1761349956,
        "narHash": "sha256-tH3wHnOJms+U4k/rK2Nn1RfBrhffX92jLP/2VndSn0w=",
        "owner": "nixos",
        "repo": "nixpkgs",
        "rev": "02f2cb8e0feb4596d20cc52fda73ccee960e3538",
        "type": "github"
      },
      "original": {
        "owner": "nixos",
        "ref": "nixpkgs-unstable",
        "repo": "nixpkgs",
        "type": "github"
      }
    },
    "nixpkgs-stable": {
      "locked": {
        "lastModified": 1755471983,
        "narHash": "sha256-axUoWcm4cNQ36jOlnkD9D40LTfSQgk8ExfHSRm3rTtg=",
        "owner": "NixOS",
        "repo": "nixpkgs",
        "rev": "48f4c982de68d966421d2b6f1ddbeb6227cc5ceb",
        "type": "github"
      },
      "original": {
        "owner": "NixOS",
        "ref": "nixos-25.05",
        "repo": "nixpkgs",
        "type": "github"
      }
    },
    "nixpkgs-stable_2": {
      "locked": {
        "lastModified": 1761173472,
        "narHash": "sha256-m9W0dYXflzeGgKNravKJvTMR4Qqa2MVD11AwlGMufeE=",
        "owner": "NixOS",
        "repo": "nixpkgs",
        "rev": "c8aa8cc00a5cb57fada0851a038d35c08a36a2bb",
        "type": "github"
      },
      "original": {
        "owner": "NixOS",
        "ref": "nixos-25.05",
        "repo": "nixpkgs",
        "type": "github"
      }
    },
    "nixpkgs_2": {
      "locked": {
        "lastModified": 1761349956,
        "narHash": "sha256-tH3wHnOJms+U4k/rK2Nn1RfBrhffX92jLP/2VndSn0w=",
        "owner": "nixos",
        "repo": "nixpkgs",
        "rev": "02f2cb8e0feb4596d20cc52fda73ccee960e3538",
        "type": "github"
      },
      "original": {
        "owner": "nixos",
        "ref": "nixpkgs-unstable",
        "repo": "nixpkgs",
        "type": "github"
      }
    },
    "root": {
      "inputs": {
        "flake-utils": [
          "sync",
          "flake-utils"
        ],
        "home-manager": [
          "sync",
          "home-manager"
        ],
        "my-fonts": "my-fonts",
        "nix-darwin": "nix-darwin",
        "nix-flatpak": "nix-flatpak",
        "nix-index": "nix-index",
        "nixpkgs": [
          "sync",
          "nixpkgs"
        ],
        "nixpkgs-stable": [
          "sync",
          "nixpkgs-stable"
        ],
        "schmir-emacs": "schmir-emacs",
        "sync": "sync_2"
      }
    },
    "schmir-emacs": {
      "inputs": {
        "emacs-overlay": [
          "schmir-emacs",
          "sync",
          "emacs-overlay"
        ],
        "flake-utils": [
          "schmir-emacs",
          "sync",
          "flake-utils"
        ],
        "nixpkgs": [
          "schmir-emacs",
          "sync",
          "nixpkgs"
        ],
        "sync": "sync"
      },
      "locked": {
        "lastModified": 1761421469,
        "narHash": "sha256-qTPr/zeGZO0ql/2EnkDkw+EopYyKjJ4ioKvgKKdTF8U=",
        "owner": "schmir",
        "repo": ".emacs.d",
        "rev": "7fe891216a77a727a5b87ca97c456e39f16b069b",
        "type": "github"
      },
      "original": {
        "owner": "schmir",
        "repo": ".emacs.d",
        "type": "github"
      }
    },
    "sync": {
      "inputs": {
        "emacs-overlay": "emacs-overlay",
        "flake-utils": "flake-utils_2",
        "home-manager": "home-manager",
        "nixpkgs": "nixpkgs",
        "nixpkgs-stable": "nixpkgs-stable"
      },
      "locked": {
        "lastModified": 1761420677,
        "narHash": "sha256-MC6KyGS1htYyVgcpbUo/hUmqJPVeS8Hinv48dS2Lcz0=",
        "owner": "schmir",
        "repo": "sync-flake",
        "rev": "a6d57dc15581f04b9f41bce6d5ab4cea499bed49",
        "type": "github"
      },
      "original": {
        "owner": "schmir",
        "repo": "sync-flake",
        "type": "github"
      }
    },
    "sync_2": {
      "inputs": {
        "emacs-overlay": "emacs-overlay_2",
        "flake-utils": "flake-utils_3",
        "home-manager": "home-manager_2",
        "nixpkgs": "nixpkgs_2",
        "nixpkgs-stable": "nixpkgs-stable_2"
      },
      "locked": {
        "lastModified": 1761495680,
        "narHash": "sha256-kSxxXXKytv3HLeM5fExtAsxxmSdFL+67POwiTTwOBLU=",
        "owner": "schmir",
        "repo": "sync-flake",
        "rev": "357638c7dcd682702bb3e3f2573d4c7a7d2883c0",
        "type": "github"
      },
      "original": {
        "owner": "schmir",
        "repo": "sync-flake",
        "type": "github"
      }
    },
    "systems": {
      "locked": {
        "lastModified": 1681028828,
        "narHash": "sha256-Vy1rq5AaRuLzOxct8nz4T6wlgyUR7zLU309k9mBC768=",
        "owner": "nix-systems",
        "repo": "default",
        "rev": "da67096a3b9bf56a91d16901293e51ba5b49a27e",
        "type": "github"
      },
      "original": {
        "owner": "nix-systems",
        "repo": "default",
        "type": "github"
      }
    },
    "systems_2": {
      "locked": {
        "lastModified": 1681028828,
        "narHash": "sha256-Vy1rq5AaRuLzOxct8nz4T6wlgyUR7zLU309k9mBC768=",
        "owner": "nix-systems",
        "repo": "default",
        "rev": "da67096a3b9bf56a91d16901293e51ba5b49a27e",
        "type": "github"
      },
      "original": {
        "owner": "nix-systems",
        "repo": "default",
        "type": "github"
      }
    },
    "systems_3": {
      "locked": {
        "lastModified": 1681028828,
        "narHash": "sha256-Vy1rq5AaRuLzOxct8nz4T6wlgyUR7zLU309k9mBC768=",
        "owner": "nix-systems",
        "repo": "default",
        "rev": "da67096a3b9bf56a91d16901293e51ba5b49a27e",
        "type": "github"
      },
      "original": {
        "owner": "nix-systems",
        "repo": "default",
        "type": "github"
      }
    }
  },
  "root": "root",
  "version": 7
}
